
Microsoft Visual Studio Solution File, Format Version 12.00
# Visual Studio 15
VisualStudioVersion = 15.0.28307.645
MinimumVisualStudioVersion = 10.0.40219.1
Project("{FAE04EC0-301F-11D3-BF4B-00C04F79EFBC}") = "TaskScheduler", "TaskScheduler\TaskScheduler.csproj", "{C67E25C1-649F-46C2-9AE9-B581981968F5}"
EndProject
Global
	GlobalSection(SolutionConfigurationPlatforms) = preSolution
		Debug|Any CPU = Debug|Any CPU
		Release|Any CPU = Release|Any CPU
	EndGlobalSection
	GlobalSection(ProjectConfigurationPlatforms) = postSolution
		{C67E25C1-649F-46C2-9AE9-B581981968F5}.Debug|Any CPU.ActiveCfg = Debug|Any CPU
		{C67E25C1-649F-46C2-9AE9-B581981968F5}.Debug|Any CPU.Build.0 = Debug|Any CPU
		{C67E25C1-649F-46C2-9AE9-B581981968F5}.Release|Any CPU.ActiveCfg = Release|Any CPU
		{C67E25C1-649F-46C2-9AE9-B581981968F5}.Release|Any CPU.Build.0 = Release|Any CPU
	EndGlobalSection
	GlobalSection(SolutionProperties) = preSolution
		HideSolutionNode = FALSE
	EndGlobalSection
	GlobalSection(ExtensibilityGlobals) = postSolution
		SolutionGuid = {91194876-9578-4521-9D10-33B48E09C3FD}
	EndGlobalSection
EndGlobal
